
Microsoft Visual Studio Solution File, Format Version 12.00
# Visual Studio Version 17
VisualStudioVersion = 17.0.31903.59
MinimumVisualStudioVersion = 10.0.40219.1
Project("{2150E333-8FDC-42A3-9474-1A3956D46DE8}") = "src", "src", "{68CAA06C-4045-4987-9BF2-8786B32E0FBB}"
EndProject
Project("{FAE04EC0-301F-11D3-BF4B-00C04F79EFBC}") = "AuctionService", "src\AuctionService\AuctionService.csproj", "{3252A501-92E8-49C0-B9E4-672733260CC0}"
EndProject
Project("{FAE04EC0-301F-11D3-BF4B-00C04F79EFBC}") = "SearchService", "src\SearchService\SearchService.csproj", "{B497068F-DBCE-4B32-AB22-402A367F5AF6}"
EndProject
Project("{FAE04EC0-301F-11D3-BF4B-00C04F79EFBC}") = "Contracts", "src\Contracts\Contracts.csproj", "{6E7AAA9C-AD4F-4E21-BF0A-F4B60F55F981}"
EndProject
Project("{FAE04EC0-301F-11D3-BF4B-00C04F79EFBC}") = "IdentityService", "src\IdentityService\IdentityService.csproj", "{0CE5F839-EB6D-4395-9FDA-A59F02641E29}"
EndProject
Global
	GlobalSection(SolutionConfigurationPlatforms) = preSolution
		Debug|Any CPU = Debug|Any CPU
		Release|Any CPU = Release|Any CPU
	EndGlobalSection
	GlobalSection(SolutionProperties) = preSolution
		HideSolutionNode = FALSE
	EndGlobalSection
	GlobalSection(ProjectConfigurationPlatforms) = postSolution
		{3252A501-92E8-49C0-B9E4-672733260CC0}.Debug|Any CPU.ActiveCfg = Debug|Any CPU
		{3252A501-92E8-49C0-B9E4-672733260CC0}.Debug|Any CPU.Build.0 = Debug|Any CPU
		{3252A501-92E8-49C0-B9E4-672733260CC0}.Release|Any CPU.ActiveCfg = Release|Any CPU
		{3252A501-92E8-49C0-B9E4-672733260CC0}.Release|Any CPU.Build.0 = Release|Any CPU
		{B497068F-DBCE-4B32-AB22-402A367F5AF6}.Debug|Any CPU.ActiveCfg = Debug|Any CPU
		{B497068F-DBCE-4B32-AB22-402A367F5AF6}.Debug|Any CPU.Build.0 = Debug|Any CPU
		{B497068F-DBCE-4B32-AB22-402A367F5AF6}.Release|Any CPU.ActiveCfg = Release|Any CPU
		{B497068F-DBCE-4B32-AB22-402A367F5AF6}.Release|Any CPU.Build.0 = Release|Any CPU
		{6E7AAA9C-AD4F-4E21-BF0A-F4B60F55F981}.Debug|Any CPU.ActiveCfg = Debug|Any CPU
		{6E7AAA9C-AD4F-4E21-BF0A-F4B60F55F981}.Debug|Any CPU.Build.0 = Debug|Any CPU
		{6E7AAA9C-AD4F-4E21-BF0A-F4B60F55F981}.Release|Any CPU.ActiveCfg = Release|Any CPU
		{6E7AAA9C-AD4F-4E21-BF0A-F4B60F55F981}.Release|Any CPU.Build.0 = Release|Any CPU
		{0CE5F839-EB6D-4395-9FDA-A59F02641E29}.Debug|Any CPU.ActiveCfg = Debug|Any CPU
		{0CE5F839-EB6D-4395-9FDA-A59F02641E29}.Debug|Any CPU.Build.0 = Debug|Any CPU
		{0CE5F839-EB6D-4395-9FDA-A59F02641E29}.Release|Any CPU.ActiveCfg = Release|Any CPU
		{0CE5F839-EB6D-4395-9FDA-A59F02641E29}.Release|Any CPU.Build.0 = Release|Any CPU
	EndGlobalSection
	GlobalSection(NestedProjects) = preSolution
		{3252A501-92E8-49C0-B9E4-672733260CC0} = {68CAA06C-4045-4987-9BF2-8786B32E0FBB}
		{B497068F-DBCE-4B32-AB22-402A367F5AF6} = {68CAA06C-4045-4987-9BF2-8786B32E0FBB}
		{6E7AAA9C-AD4F-4E21-BF0A-F4B60F55F981} = {68CAA06C-4045-4987-9BF2-8786B32E0FBB}
		{0CE5F839-EB6D-4395-9FDA-A59F02641E29} = {68CAA06C-4045-4987-9BF2-8786B32E0FBB}
	EndGlobalSection
EndGlobal
